
Microsoft Visual Studio Solution File, Format Version 12.00
# Visual Studio 15
VisualStudioVersion = 15.0.28010.2026
MinimumVisualStudioVersion = 10.0.40219.1
Project("{2150E333-8FDC-42A3-9474-1A3956D46DE8}") = "BuildingBlocks", "BuildingBlocks", "{8BA414D6-1E40-4835-AEA6-518061AF9F8E}"
EndProject
Project("{2150E333-8FDC-42A3-9474-1A3956D46DE8}") = "src", "src", "{097B45C2-0E58-4D68-A1FF-58EE88A103F9}"
EndProject
Project("{2150E333-8FDC-42A3-9474-1A3956D46DE8}") = "EventBus", "EventBus", "{698F6EFC-CBE4-4B84-9B52-38978459A4EE}"
EndProject
Project("{2150E333-8FDC-42A3-9474-1A3956D46DE8}") = "Console Apps", "Console Apps", "{69E1C2F2-5B34-4C03-9DF6-6472433036BC}"
EndProject
Project("{9A19103F-16F7-4668-BE54-9A1E7A4F7556}") = "Rabbitmq.Publisher", "src\Console Apps\Microservice.PreTest\Rabbitmq.Publisher.csproj", "{94B5D0C7-7706-425F-A2CB-4006D07743DA}"
EndProject
Project("{9A19103F-16F7-4668-BE54-9A1E7A4F7556}") = "Rebbitmq.Consumer", "src\Console Apps\Rebbitmq.Consumer\Rebbitmq.Consumer.csproj", "{1D39D093-5247-4D49-9250-D24D95D926C9}"
EndProject
Project("{2150E333-8FDC-42A3-9474-1A3956D46DE8}") = "Rabbitmq", "Rabbitmq", "{77D5C4F8-D57C-487A-92D2-32DC322C2EAD}"
EndProject
Project("{9A19103F-16F7-4668-BE54-9A1E7A4F7556}") = "Rabbitmq.Worker01", "src\Console Apps\Rabbitmq.Worker01\Rabbitmq.Worker01.csproj", "{F6551947-2785-4405-82D5-BA12A0AA57C5}"
EndProject
Project("{9A19103F-16F7-4668-BE54-9A1E7A4F7556}") = "Rabbitmq.TaskQueue", "src\Console Apps\Rabbitmq.TaskQueue\Rabbitmq.TaskQueue.csproj", "{097CA396-72F2-4E4C-854C-0598D5E187FE}"
EndProject
Project("{2150E333-8FDC-42A3-9474-1A3956D46DE8}") = "RPC", "RPC", "{22CE8499-BC08-4F03-9A88-EB3EAF37E943}"
EndProject
Project("{9A19103F-16F7-4668-BE54-9A1E7A4F7556}") = "RabbitmqRPCClient", "src\Console Apps\RPC\RabbitmqRPC\RabbitmqRPCClient.csproj", "{93CEE834-9DF6-4321-B02B-C8AB4861813F}"
EndProject
Project("{9A19103F-16F7-4668-BE54-9A1E7A4F7556}") = "RabbitmqRPCServer", "src\Console Apps\RPC\RabbitmqRPCServer\RabbitmqRPCServer.csproj", "{CEA4BB87-E212-4147-8BBE-04DE188C52B7}"
EndProject
Project("{2150E333-8FDC-42A3-9474-1A3956D46DE8}") = "Web Apps", "Web Apps", "{E27B40D8-CA9A-481E-93D4-227000140C19}"
EndProject
Project("{2150E333-8FDC-42A3-9474-1A3956D46DE8}") = "ApiGateWays", "ApiGateWays", "{25EE3595-077A-47E4-84FA-BDC711E02FDA}"
EndProject
Project("{9A19103F-16F7-4668-BE54-9A1E7A4F7556}") = "OcelotApiGw", "src\Web Apps\ApiGateWays\OcelotApiGw\OcelotApiGw.csproj", "{40BA65A4-A99F-4E52-AE10-23A6D671B6A1}"
EndProject
Project("{2150E333-8FDC-42A3-9474-1A3956D46DE8}") = "Services", "Services", "{6A246734-CC54-4995-9660-707367822A5F}"
EndProject
Project("{2150E333-8FDC-42A3-9474-1A3956D46DE8}") = "Experiment", "Experiment", "{F032CF54-557E-4A92-91E8-FF2A96EC3BD0}"
EndProject
Project("{2150E333-8FDC-42A3-9474-1A3956D46DE8}") = "Consul", "Consul", "{C7AB26F7-86C7-4F5C-A34E-C31BC2191697}"
EndProject
Project("{2150E333-8FDC-42A3-9474-1A3956D46DE8}") = "DotNetty", "DotNetty", "{572E2278-5E66-4668-A977-9FF6E2CE0A51}"
EndProject
Project("{9A19103F-16F7-4668-BE54-9A1E7A4F7556}") = "Echo.Server", "src\Console Apps\DotNetty\Echo.Server\Echo.Server.csproj", "{46129DC3-8032-4554-9300-CB31D46880A1}"
EndProject
Project("{9A19103F-16F7-4668-BE54-9A1E7A4F7556}") = "Echo.Client", "src\Console Apps\DotNetty\Echo.Client\Echo.Client.csproj", "{80E20293-DBBC-4655-9C33-F456DAF52E5D}"
EndProject
Project("{2150E333-8FDC-42A3-9474-1A3956D46DE8}") = "GRPC", "GRPC", "{E464C899-E583-44F2-83FF-74A05774B123}"
EndProject
Project("{2150E333-8FDC-42A3-9474-1A3956D46DE8}") = "Consul Experiment", "Consul Experiment", "{D1F352C5-728F-4D46-8EBB-E4ED396C4A7B}"
EndProject
Project("{2150E333-8FDC-42A3-9474-1A3956D46DE8}") = "ServiceGovernance", "ServiceGovernance", "{F00AD81E-8471-4111-A005-5E45AE78BAE4}"
EndProject
Project("{9A19103F-16F7-4668-BE54-9A1E7A4F7556}") = "EventBus", "src\BuildingBlocks\EventBus\EventBus\EventBus.csproj", "{F099D313-14B5-4372-8925-10EEEC5429D9}"
EndProject
Project("{9A19103F-16F7-4668-BE54-9A1E7A4F7556}") = "ServiceGovernance", "src\BuildingBlocks\ServiceGovernance\ServiceGovernance\ServiceGovernance.csproj", "{CA6A3E02-4A48-4CB8-9628-9FABF19C6B28}"
EndProject
Project("{2150E333-8FDC-42A3-9474-1A3956D46DE8}") = "PaymentService", "PaymentService", "{5B76F021-104F-495C-8903-CD7296271B9B}"
EndProject
Project("{9A19103F-16F7-4668-BE54-9A1E7A4F7556}") = "Payment.Service", "src\Services\Experiment\PaymentService\Payment.Service\Payment.Service.csproj", "{4AFC335C-E7EE-408A-9910-0EF18FC104BD}"
EndProject
Project("{9A19103F-16F7-4668-BE54-9A1E7A4F7556}") = "SelfRegistration", "src\Services\Experiment\SelfRegistration\SelfRegistration.csproj", "{98621036-FA45-4461-82B0-B47F9A9B62A3}"
EndProject
Project("{9A19103F-16F7-4668-BE54-9A1E7A4F7556}") = "Notice.Service", "src\Services\Experiment\Notice.Service\Notice.Service.csproj", "{64C6F1CB-E2BF-4993-AD6A-01F8093AE3C4}"
EndProject
Project("{9A19103F-16F7-4668-BE54-9A1E7A4F7556}") = "ClientService", "src\Services\Experiment\ClientService\ClientService.csproj", "{239566D8-414C-42EB-BC9B-58A277C58BEF}"
EndProject
Project("{FAE04EC0-301F-11D3-BF4B-00C04F79EFBC}") = "Payment.Application", "src\Services\Experiment\PaymentService\Payment.Service\Payment.Application\Payment.Application.csproj", "{CFC1D0FD-2A4D-4650-8AA2-56812DDBD473}"
EndProject
Project("{FAE04EC0-301F-11D3-BF4B-00C04F79EFBC}") = "Payment.Contracts", "src\Services\Experiment\PaymentService\Payment.Contracts\Payment.Contracts.csproj", "{2D24FC9A-CB05-47D8-9094-1FC82FB34551}"
EndProject
Project("{FAE04EC0-301F-11D3-BF4B-00C04F79EFBC}") = "Payment.Service.RPC", "src\Services\Experiment\PaymentService\Payment.Service.RPC\Payment.Service.RPC.csproj", "{9F5EED68-B741-497D-B505-A6CC2AC98F64}"
EndProject
Global
	GlobalSection(SolutionConfigurationPlatforms) = preSolution
		Debug|Any CPU = Debug|Any CPU
		Release|Any CPU = Release|Any CPU
	EndGlobalSection
	GlobalSection(ProjectConfigurationPlatforms) = postSolution
		{94B5D0C7-7706-425F-A2CB-4006D07743DA}.Debug|Any CPU.ActiveCfg = Debug|Any CPU
		{94B5D0C7-7706-425F-A2CB-4006D07743DA}.Debug|Any CPU.Build.0 = Debug|Any CPU
		{94B5D0C7-7706-425F-A2CB-4006D07743DA}.Release|Any CPU.ActiveCfg = Release|Any CPU
		{94B5D0C7-7706-425F-A2CB-4006D07743DA}.Release|Any CPU.Build.0 = Release|Any CPU
		{1D39D093-5247-4D49-9250-D24D95D926C9}.Debug|Any CPU.ActiveCfg = Debug|Any CPU
		{1D39D093-5247-4D49-9250-D24D95D926C9}.Debug|Any CPU.Build.0 = Debug|Any CPU
		{1D39D093-5247-4D49-9250-D24D95D926C9}.Release|Any CPU.ActiveCfg = Release|Any CPU
		{1D39D093-5247-4D49-9250-D24D95D926C9}.Release|Any CPU.Build.0 = Release|Any CPU
		{F6551947-2785-4405-82D5-BA12A0AA57C5}.Debug|Any CPU.ActiveCfg = Debug|Any CPU
		{F6551947-2785-4405-82D5-BA12A0AA57C5}.Debug|Any CPU.Build.0 = Debug|Any CPU
		{F6551947-2785-4405-82D5-BA12A0AA57C5}.Release|Any CPU.ActiveCfg = Release|Any CPU
		{F6551947-2785-4405-82D5-BA12A0AA57C5}.Release|Any CPU.Build.0 = Release|Any CPU
		{097CA396-72F2-4E4C-854C-0598D5E187FE}.Debug|Any CPU.ActiveCfg = Debug|Any CPU
		{097CA396-72F2-4E4C-854C-0598D5E187FE}.Debug|Any CPU.Build.0 = Debug|Any CPU
		{097CA396-72F2-4E4C-854C-0598D5E187FE}.Release|Any CPU.ActiveCfg = Release|Any CPU
		{097CA396-72F2-4E4C-854C-0598D5E187FE}.Release|Any CPU.Build.0 = Release|Any CPU
		{93CEE834-9DF6-4321-B02B-C8AB4861813F}.Debug|Any CPU.ActiveCfg = Debug|Any CPU
		{93CEE834-9DF6-4321-B02B-C8AB4861813F}.Debug|Any CPU.Build.0 = Debug|Any CPU
		{93CEE834-9DF6-4321-B02B-C8AB4861813F}.Release|Any CPU.ActiveCfg = Release|Any CPU
		{93CEE834-9DF6-4321-B02B-C8AB4861813F}.Release|Any CPU.Build.0 = Release|Any CPU
		{CEA4BB87-E212-4147-8BBE-04DE188C52B7}.Debug|Any CPU.ActiveCfg = Debug|Any CPU
		{CEA4BB87-E212-4147-8BBE-04DE188C52B7}.Debug|Any CPU.Build.0 = Debug|Any CPU
		{CEA4BB87-E212-4147-8BBE-04DE188C52B7}.Release|Any CPU.ActiveCfg = Release|Any CPU
		{CEA4BB87-E212-4147-8BBE-04DE188C52B7}.Release|Any CPU.Build.0 = Release|Any CPU
		{40BA65A4-A99F-4E52-AE10-23A6D671B6A1}.Debug|Any CPU.ActiveCfg = Debug|Any CPU
		{40BA65A4-A99F-4E52-AE10-23A6D671B6A1}.Debug|Any CPU.Build.0 = Debug|Any CPU
		{40BA65A4-A99F-4E52-AE10-23A6D671B6A1}.Release|Any CPU.ActiveCfg = Release|Any CPU
		{40BA65A4-A99F-4E52-AE10-23A6D671B6A1}.Release|Any CPU.Build.0 = Release|Any CPU
		{46129DC3-8032-4554-9300-CB31D46880A1}.Debug|Any CPU.ActiveCfg = Debug|Any CPU
		{46129DC3-8032-4554-9300-CB31D46880A1}.Debug|Any CPU.Build.0 = Debug|Any CPU
		{46129DC3-8032-4554-9300-CB31D46880A1}.Release|Any CPU.ActiveCfg = Release|Any CPU
		{46129DC3-8032-4554-9300-CB31D46880A1}.Release|Any CPU.Build.0 = Release|Any CPU
		{80E20293-DBBC-4655-9C33-F456DAF52E5D}.Debug|Any CPU.ActiveCfg = Debug|Any CPU
		{80E20293-DBBC-4655-9C33-F456DAF52E5D}.Debug|Any CPU.Build.0 = Debug|Any CPU
		{80E20293-DBBC-4655-9C33-F456DAF52E5D}.Release|Any CPU.ActiveCfg = Release|Any CPU
		{80E20293-DBBC-4655-9C33-F456DAF52E5D}.Release|Any CPU.Build.0 = Release|Any CPU
		{F099D313-14B5-4372-8925-10EEEC5429D9}.Debug|Any CPU.ActiveCfg = Debug|Any CPU
		{F099D313-14B5-4372-8925-10EEEC5429D9}.Debug|Any CPU.Build.0 = Debug|Any CPU
		{F099D313-14B5-4372-8925-10EEEC5429D9}.Release|Any CPU.ActiveCfg = Release|Any CPU
		{F099D313-14B5-4372-8925-10EEEC5429D9}.Release|Any CPU.Build.0 = Release|Any CPU
		{CA6A3E02-4A48-4CB8-9628-9FABF19C6B28}.Debug|Any CPU.ActiveCfg = Debug|Any CPU
		{CA6A3E02-4A48-4CB8-9628-9FABF19C6B28}.Debug|Any CPU.Build.0 = Debug|Any CPU
		{CA6A3E02-4A48-4CB8-9628-9FABF19C6B28}.Release|Any CPU.ActiveCfg = Release|Any CPU
		{CA6A3E02-4A48-4CB8-9628-9FABF19C6B28}.Release|Any CPU.Build.0 = Release|Any CPU
		{4AFC335C-E7EE-408A-9910-0EF18FC104BD}.Debug|Any CPU.ActiveCfg = Debug|Any CPU
		{4AFC335C-E7EE-408A-9910-0EF18FC104BD}.Debug|Any CPU.Build.0 = Debug|Any CPU
		{4AFC335C-E7EE-408A-9910-0EF18FC104BD}.Release|Any CPU.ActiveCfg = Release|Any CPU
		{4AFC335C-E7EE-408A-9910-0EF18FC104BD}.Release|Any CPU.Build.0 = Release|Any CPU
		{98621036-FA45-4461-82B0-B47F9A9B62A3}.Debug|Any CPU.ActiveCfg = Debug|Any CPU
		{98621036-FA45-4461-82B0-B47F9A9B62A3}.Debug|Any CPU.Build.0 = Debug|Any CPU
		{98621036-FA45-4461-82B0-B47F9A9B62A3}.Release|Any CPU.ActiveCfg = Release|Any CPU
		{98621036-FA45-4461-82B0-B47F9A9B62A3}.Release|Any CPU.Build.0 = Release|Any CPU
		{64C6F1CB-E2BF-4993-AD6A-01F8093AE3C4}.Debug|Any CPU.ActiveCfg = Debug|Any CPU
		{64C6F1CB-E2BF-4993-AD6A-01F8093AE3C4}.Debug|Any CPU.Build.0 = Debug|Any CPU
		{64C6F1CB-E2BF-4993-AD6A-01F8093AE3C4}.Release|Any CPU.ActiveCfg = Release|Any CPU
		{64C6F1CB-E2BF-4993-AD6A-01F8093AE3C4}.Release|Any CPU.Build.0 = Release|Any CPU
		{239566D8-414C-42EB-BC9B-58A277C58BEF}.Debug|Any CPU.ActiveCfg = Debug|Any CPU
		{239566D8-414C-42EB-BC9B-58A277C58BEF}.Debug|Any CPU.Build.0 = Debug|Any CPU
		{239566D8-414C-42EB-BC9B-58A277C58BEF}.Release|Any CPU.ActiveCfg = Release|Any CPU
		{239566D8-414C-42EB-BC9B-58A277C58BEF}.Release|Any CPU.Build.0 = Release|Any CPU
		{CFC1D0FD-2A4D-4650-8AA2-56812DDBD473}.Debug|Any CPU.ActiveCfg = Debug|Any CPU
		{CFC1D0FD-2A4D-4650-8AA2-56812DDBD473}.Debug|Any CPU.Build.0 = Debug|Any CPU
		{CFC1D0FD-2A4D-4650-8AA2-56812DDBD473}.Release|Any CPU.ActiveCfg = Release|Any CPU
		{CFC1D0FD-2A4D-4650-8AA2-56812DDBD473}.Release|Any CPU.Build.0 = Release|Any CPU
		{2D24FC9A-CB05-47D8-9094-1FC82FB34551}.Debug|Any CPU.ActiveCfg = Debug|Any CPU
		{2D24FC9A-CB05-47D8-9094-1FC82FB34551}.Debug|Any CPU.Build.0 = Debug|Any CPU
		{2D24FC9A-CB05-47D8-9094-1FC82FB34551}.Release|Any CPU.ActiveCfg = Release|Any CPU
		{2D24FC9A-CB05-47D8-9094-1FC82FB34551}.Release|Any CPU.Build.0 = Release|Any CPU
		{9F5EED68-B741-497D-B505-A6CC2AC98F64}.Debug|Any CPU.ActiveCfg = Debug|Any CPU
		{9F5EED68-B741-497D-B505-A6CC2AC98F64}.Debug|Any CPU.Build.0 = Debug|Any CPU
		{9F5EED68-B741-497D-B505-A6CC2AC98F64}.Release|Any CPU.ActiveCfg = Release|Any CPU
		{9F5EED68-B741-497D-B505-A6CC2AC98F64}.Release|Any CPU.Build.0 = Release|Any CPU
	EndGlobalSection
	GlobalSection(SolutionProperties) = preSolution
		HideSolutionNode = FALSE
	EndGlobalSection
	GlobalSection(NestedProjects) = preSolution
		{8BA414D6-1E40-4835-AEA6-518061AF9F8E} = {097B45C2-0E58-4D68-A1FF-58EE88A103F9}
		{698F6EFC-CBE4-4B84-9B52-38978459A4EE} = {8BA414D6-1E40-4835-AEA6-518061AF9F8E}
		{69E1C2F2-5B34-4C03-9DF6-6472433036BC} = {097B45C2-0E58-4D68-A1FF-58EE88A103F9}
		{94B5D0C7-7706-425F-A2CB-4006D07743DA} = {69E1C2F2-5B34-4C03-9DF6-6472433036BC}
		{1D39D093-5247-4D49-9250-D24D95D926C9} = {69E1C2F2-5B34-4C03-9DF6-6472433036BC}
		{77D5C4F8-D57C-487A-92D2-32DC322C2EAD} = {8BA414D6-1E40-4835-AEA6-518061AF9F8E}
		{F6551947-2785-4405-82D5-BA12A0AA57C5} = {69E1C2F2-5B34-4C03-9DF6-6472433036BC}
		{097CA396-72F2-4E4C-854C-0598D5E187FE} = {69E1C2F2-5B34-4C03-9DF6-6472433036BC}
		{22CE8499-BC08-4F03-9A88-EB3EAF37E943} = {69E1C2F2-5B34-4C03-9DF6-6472433036BC}
		{93CEE834-9DF6-4321-B02B-C8AB4861813F} = {22CE8499-BC08-4F03-9A88-EB3EAF37E943}
		{CEA4BB87-E212-4147-8BBE-04DE188C52B7} = {22CE8499-BC08-4F03-9A88-EB3EAF37E943}
		{E27B40D8-CA9A-481E-93D4-227000140C19} = {097B45C2-0E58-4D68-A1FF-58EE88A103F9}
		{25EE3595-077A-47E4-84FA-BDC711E02FDA} = {E27B40D8-CA9A-481E-93D4-227000140C19}
		{40BA65A4-A99F-4E52-AE10-23A6D671B6A1} = {25EE3595-077A-47E4-84FA-BDC711E02FDA}
		{6A246734-CC54-4995-9660-707367822A5F} = {097B45C2-0E58-4D68-A1FF-58EE88A103F9}
		{F032CF54-557E-4A92-91E8-FF2A96EC3BD0} = {6A246734-CC54-4995-9660-707367822A5F}
		{C7AB26F7-86C7-4F5C-A34E-C31BC2191697} = {8BA414D6-1E40-4835-AEA6-518061AF9F8E}
		{572E2278-5E66-4668-A977-9FF6E2CE0A51} = {69E1C2F2-5B34-4C03-9DF6-6472433036BC}
		{46129DC3-8032-4554-9300-CB31D46880A1} = {572E2278-5E66-4668-A977-9FF6E2CE0A51}
		{80E20293-DBBC-4655-9C33-F456DAF52E5D} = {572E2278-5E66-4668-A977-9FF6E2CE0A51}
		{E464C899-E583-44F2-83FF-74A05774B123} = {69E1C2F2-5B34-4C03-9DF6-6472433036BC}
		{D1F352C5-728F-4D46-8EBB-E4ED396C4A7B} = {E27B40D8-CA9A-481E-93D4-227000140C19}
		{F00AD81E-8471-4111-A005-5E45AE78BAE4} = {8BA414D6-1E40-4835-AEA6-518061AF9F8E}
		{F099D313-14B5-4372-8925-10EEEC5429D9} = {698F6EFC-CBE4-4B84-9B52-38978459A4EE}
		{CA6A3E02-4A48-4CB8-9628-9FABF19C6B28} = {F00AD81E-8471-4111-A005-5E45AE78BAE4}
		{5B76F021-104F-495C-8903-CD7296271B9B} = {F032CF54-557E-4A92-91E8-FF2A96EC3BD0}
		{4AFC335C-E7EE-408A-9910-0EF18FC104BD} = {5B76F021-104F-495C-8903-CD7296271B9B}
		{98621036-FA45-4461-82B0-B47F9A9B62A3} = {F032CF54-557E-4A92-91E8-FF2A96EC3BD0}
		{64C6F1CB-E2BF-4993-AD6A-01F8093AE3C4} = {F032CF54-557E-4A92-91E8-FF2A96EC3BD0}
		{239566D8-414C-42EB-BC9B-58A277C58BEF} = {F032CF54-557E-4A92-91E8-FF2A96EC3BD0}
		{CFC1D0FD-2A4D-4650-8AA2-56812DDBD473} = {5B76F021-104F-495C-8903-CD7296271B9B}
		{2D24FC9A-CB05-47D8-9094-1FC82FB34551} = {5B76F021-104F-495C-8903-CD7296271B9B}
		{9F5EED68-B741-497D-B505-A6CC2AC98F64} = {5B76F021-104F-495C-8903-CD7296271B9B}
	EndGlobalSection
	GlobalSection(ExtensibilityGlobals) = postSolution
		SolutionGuid = {03F15E2A-9272-4957-9E7A-355FD027D9F4}
	EndGlobalSection
EndGlobal
