
Microsoft Visual Studio Solution File, Format Version 12.00
# Visual Studio 15
VisualStudioVersion = 15.0.28010.2026
MinimumVisualStudioVersion = 10.0.40219.1
Project("{2150E333-8FDC-42A3-9474-1A3956D46DE8}") = "BuildingBlocks", "BuildingBlocks", "{8BA414D6-1E40-4835-AEA6-518061AF9F8E}"
EndProject
Project("{2150E333-8FDC-42A3-9474-1A3956D46DE8}") = "src", "src", "{097B45C2-0E58-4D68-A1FF-58EE88A103F9}"
EndProject
Project("{2150E333-8FDC-42A3-9474-1A3956D46DE8}") = "EventBus", "EventBus", "{698F6EFC-CBE4-4B84-9B52-38978459A4EE}"
EndProject
Project("{2150E333-8FDC-42A3-9474-1A3956D46DE8}") = "Console Apps", "Console Apps", "{69E1C2F2-5B34-4C03-9DF6-6472433036BC}"
EndProject
Project("{9A19103F-16F7-4668-BE54-9A1E7A4F7556}") = "Rabbitmq.Publisher", "src\Console Apps\Microservice.PreTest\Rabbitmq.Publisher.csproj", "{94B5D0C7-7706-425F-A2CB-4006D07743DA}"
EndProject
Project("{9A19103F-16F7-4668-BE54-9A1E7A4F7556}") = "Rebbitmq.Consumer", "src\Console Apps\Rebbitmq.Consumer\Rebbitmq.Consumer.csproj", "{1D39D093-5247-4D49-9250-D24D95D926C9}"
EndProject
Project("{2150E333-8FDC-42A3-9474-1A3956D46DE8}") = "Rabbitmq", "Rabbitmq", "{77D5C4F8-D57C-487A-92D2-32DC322C2EAD}"
EndProject
Project("{9A19103F-16F7-4668-BE54-9A1E7A4F7556}") = "EventBus", "src\EventBus\EventBus1\EventBus.csproj", "{5539880E-C305-4B3D-9285-4E74B90B459C}"
EndProject
Project("{9A19103F-16F7-4668-BE54-9A1E7A4F7556}") = "Rabbitmq.Worker01", "src\Console Apps\Rabbitmq.Worker01\Rabbitmq.Worker01.csproj", "{F6551947-2785-4405-82D5-BA12A0AA57C5}"
EndProject
Project("{9A19103F-16F7-4668-BE54-9A1E7A4F7556}") = "Rabbitmq.TaskQueue", "src\Console Apps\Rabbitmq.TaskQueue\Rabbitmq.TaskQueue.csproj", "{097CA396-72F2-4E4C-854C-0598D5E187FE}"
EndProject
Project("{2150E333-8FDC-42A3-9474-1A3956D46DE8}") = "RPC", "RPC", "{22CE8499-BC08-4F03-9A88-EB3EAF37E943}"
EndProject
Project("{9A19103F-16F7-4668-BE54-9A1E7A4F7556}") = "RabbitmqRPCClient", "src\Console Apps\RPC\RabbitmqRPC\RabbitmqRPCClient.csproj", "{93CEE834-9DF6-4321-B02B-C8AB4861813F}"
EndProject
Project("{FAE04EC0-301F-11D3-BF4B-00C04F79EFBC}") = "RabbitmqRPCServer", "src\Console Apps\RPC\RabbitmqRPCServer\RabbitmqRPCServer.csproj", "{CEA4BB87-E212-4147-8BBE-04DE188C52B7}"
EndProject
Global
	GlobalSection(SolutionConfigurationPlatforms) = preSolution
		Debug|Any CPU = Debug|Any CPU
		Release|Any CPU = Release|Any CPU
	EndGlobalSection
	GlobalSection(ProjectConfigurationPlatforms) = postSolution
		{94B5D0C7-7706-425F-A2CB-4006D07743DA}.Debug|Any CPU.ActiveCfg = Debug|Any CPU
		{94B5D0C7-7706-425F-A2CB-4006D07743DA}.Debug|Any CPU.Build.0 = Debug|Any CPU
		{94B5D0C7-7706-425F-A2CB-4006D07743DA}.Release|Any CPU.ActiveCfg = Release|Any CPU
		{94B5D0C7-7706-425F-A2CB-4006D07743DA}.Release|Any CPU.Build.0 = Release|Any CPU
		{1D39D093-5247-4D49-9250-D24D95D926C9}.Debug|Any CPU.ActiveCfg = Debug|Any CPU
		{1D39D093-5247-4D49-9250-D24D95D926C9}.Debug|Any CPU.Build.0 = Debug|Any CPU
		{1D39D093-5247-4D49-9250-D24D95D926C9}.Release|Any CPU.ActiveCfg = Release|Any CPU
		{1D39D093-5247-4D49-9250-D24D95D926C9}.Release|Any CPU.Build.0 = Release|Any CPU
		{5539880E-C305-4B3D-9285-4E74B90B459C}.Debug|Any CPU.ActiveCfg = Debug|Any CPU
		{5539880E-C305-4B3D-9285-4E74B90B459C}.Debug|Any CPU.Build.0 = Debug|Any CPU
		{5539880E-C305-4B3D-9285-4E74B90B459C}.Release|Any CPU.ActiveCfg = Release|Any CPU
		{5539880E-C305-4B3D-9285-4E74B90B459C}.Release|Any CPU.Build.0 = Release|Any CPU
		{F6551947-2785-4405-82D5-BA12A0AA57C5}.Debug|Any CPU.ActiveCfg = Debug|Any CPU
		{F6551947-2785-4405-82D5-BA12A0AA57C5}.Debug|Any CPU.Build.0 = Debug|Any CPU
		{F6551947-2785-4405-82D5-BA12A0AA57C5}.Release|Any CPU.ActiveCfg = Release|Any CPU
		{F6551947-2785-4405-82D5-BA12A0AA57C5}.Release|Any CPU.Build.0 = Release|Any CPU
		{097CA396-72F2-4E4C-854C-0598D5E187FE}.Debug|Any CPU.ActiveCfg = Debug|Any CPU
		{097CA396-72F2-4E4C-854C-0598D5E187FE}.Debug|Any CPU.Build.0 = Debug|Any CPU
		{097CA396-72F2-4E4C-854C-0598D5E187FE}.Release|Any CPU.ActiveCfg = Release|Any CPU
		{097CA396-72F2-4E4C-854C-0598D5E187FE}.Release|Any CPU.Build.0 = Release|Any CPU
		{93CEE834-9DF6-4321-B02B-C8AB4861813F}.Debug|Any CPU.ActiveCfg = Debug|Any CPU
		{93CEE834-9DF6-4321-B02B-C8AB4861813F}.Debug|Any CPU.Build.0 = Debug|Any CPU
		{93CEE834-9DF6-4321-B02B-C8AB4861813F}.Release|Any CPU.ActiveCfg = Release|Any CPU
		{93CEE834-9DF6-4321-B02B-C8AB4861813F}.Release|Any CPU.Build.0 = Release|Any CPU
		{CEA4BB87-E212-4147-8BBE-04DE188C52B7}.Debug|Any CPU.ActiveCfg = Debug|Any CPU
		{CEA4BB87-E212-4147-8BBE-04DE188C52B7}.Debug|Any CPU.Build.0 = Debug|Any CPU
		{CEA4BB87-E212-4147-8BBE-04DE188C52B7}.Release|Any CPU.ActiveCfg = Release|Any CPU
		{CEA4BB87-E212-4147-8BBE-04DE188C52B7}.Release|Any CPU.Build.0 = Release|Any CPU
	EndGlobalSection
	GlobalSection(SolutionProperties) = preSolution
		HideSolutionNode = FALSE
	EndGlobalSection
	GlobalSection(NestedProjects) = preSolution
		{8BA414D6-1E40-4835-AEA6-518061AF9F8E} = {097B45C2-0E58-4D68-A1FF-58EE88A103F9}
		{698F6EFC-CBE4-4B84-9B52-38978459A4EE} = {8BA414D6-1E40-4835-AEA6-518061AF9F8E}
		{69E1C2F2-5B34-4C03-9DF6-6472433036BC} = {097B45C2-0E58-4D68-A1FF-58EE88A103F9}
		{94B5D0C7-7706-425F-A2CB-4006D07743DA} = {69E1C2F2-5B34-4C03-9DF6-6472433036BC}
		{1D39D093-5247-4D49-9250-D24D95D926C9} = {69E1C2F2-5B34-4C03-9DF6-6472433036BC}
		{77D5C4F8-D57C-487A-92D2-32DC322C2EAD} = {8BA414D6-1E40-4835-AEA6-518061AF9F8E}
		{5539880E-C305-4B3D-9285-4E74B90B459C} = {698F6EFC-CBE4-4B84-9B52-38978459A4EE}
		{F6551947-2785-4405-82D5-BA12A0AA57C5} = {69E1C2F2-5B34-4C03-9DF6-6472433036BC}
		{097CA396-72F2-4E4C-854C-0598D5E187FE} = {69E1C2F2-5B34-4C03-9DF6-6472433036BC}
		{22CE8499-BC08-4F03-9A88-EB3EAF37E943} = {69E1C2F2-5B34-4C03-9DF6-6472433036BC}
		{93CEE834-9DF6-4321-B02B-C8AB4861813F} = {22CE8499-BC08-4F03-9A88-EB3EAF37E943}
		{CEA4BB87-E212-4147-8BBE-04DE188C52B7} = {22CE8499-BC08-4F03-9A88-EB3EAF37E943}
	EndGlobalSection
	GlobalSection(ExtensibilityGlobals) = postSolution
		SolutionGuid = {03F15E2A-9272-4957-9E7A-355FD027D9F4}
	EndGlobalSection
EndGlobal
